
Microsoft Visual Studio Solution File, Format Version 12.00
# Visual Studio Version 17
VisualStudioVersion = 17.4.33213.308
MinimumVisualStudioVersion = 10.0.40219.1
Project("{FAE04EC0-301F-11D3-BF4B-00C04F79EFBC}") = "Api", "Api\Api.csproj", "{529A4E86-5719-4D6C-A05F-DC23CCB52F04}"
EndProject
Project("{FAE04EC0-301F-11D3-BF4B-00C04F79EFBC}") = "Infra", "Infra\Infra.csproj", "{B908B463-2872-4EFB-A43D-581DC018FA2B}"
EndProject
Project("{FAE04EC0-301F-11D3-BF4B-00C04F79EFBC}") = "Domain", "Domain\Domain.csproj", "{67558370-D8C8-4020-A558-C586EEE13CC3}"
EndProject
Project("{FAE04EC0-301F-11D3-BF4B-00C04F79EFBC}") = "Application", "Application\Application.csproj", "{93520CEE-C2EF-4CB7-90B5-A4136512A2E9}"
EndProject
Project("{FAE04EC0-301F-11D3-BF4B-00C04F79EFBC}") = "Tests", "Tests\Tests.csproj", "{8C1C1BDA-2642-4AD8-B31D-5AB2692D0296}"
EndProject
Global
	GlobalSection(SolutionConfigurationPlatforms) = preSolution
		Debug|Any CPU = Debug|Any CPU
		Release|Any CPU = Release|Any CPU
	EndGlobalSection
	GlobalSection(ProjectConfigurationPlatforms) = postSolution
		{529A4E86-5719-4D6C-A05F-DC23CCB52F04}.Debug|Any CPU.ActiveCfg = Debug|Any CPU
		{529A4E86-5719-4D6C-A05F-DC23CCB52F04}.Debug|Any CPU.Build.0 = Debug|Any CPU
		{529A4E86-5719-4D6C-A05F-DC23CCB52F04}.Release|Any CPU.ActiveCfg = Release|Any CPU
		{529A4E86-5719-4D6C-A05F-DC23CCB52F04}.Release|Any CPU.Build.0 = Release|Any CPU
		{B908B463-2872-4EFB-A43D-581DC018FA2B}.Debug|Any CPU.ActiveCfg = Debug|Any CPU
		{B908B463-2872-4EFB-A43D-581DC018FA2B}.Debug|Any CPU.Build.0 = Debug|Any CPU
		{B908B463-2872-4EFB-A43D-581DC018FA2B}.Release|Any CPU.ActiveCfg = Release|Any CPU
		{B908B463-2872-4EFB-A43D-581DC018FA2B}.Release|Any CPU.Build.0 = Release|Any CPU
		{67558370-D8C8-4020-A558-C586EEE13CC3}.Debug|Any CPU.ActiveCfg = Debug|Any CPU
		{67558370-D8C8-4020-A558-C586EEE13CC3}.Debug|Any CPU.Build.0 = Debug|Any CPU
		{67558370-D8C8-4020-A558-C586EEE13CC3}.Release|Any CPU.ActiveCfg = Release|Any CPU
		{67558370-D8C8-4020-A558-C586EEE13CC3}.Release|Any CPU.Build.0 = Release|Any CPU
		{93520CEE-C2EF-4CB7-90B5-A4136512A2E9}.Debug|Any CPU.ActiveCfg = Debug|Any CPU
		{93520CEE-C2EF-4CB7-90B5-A4136512A2E9}.Debug|Any CPU.Build.0 = Debug|Any CPU
		{93520CEE-C2EF-4CB7-90B5-A4136512A2E9}.Release|Any CPU.ActiveCfg = Release|Any CPU
		{93520CEE-C2EF-4CB7-90B5-A4136512A2E9}.Release|Any CPU.Build.0 = Release|Any CPU
		{8C1C1BDA-2642-4AD8-B31D-5AB2692D0296}.Debug|Any CPU.ActiveCfg = Debug|Any CPU
		{8C1C1BDA-2642-4AD8-B31D-5AB2692D0296}.Debug|Any CPU.Build.0 = Debug|Any CPU
		{8C1C1BDA-2642-4AD8-B31D-5AB2692D0296}.Release|Any CPU.ActiveCfg = Release|Any CPU
		{8C1C1BDA-2642-4AD8-B31D-5AB2692D0296}.Release|Any CPU.Build.0 = Release|Any CPU
	EndGlobalSection
	GlobalSection(SolutionProperties) = preSolution
		HideSolutionNode = FALSE
	EndGlobalSection
	GlobalSection(ExtensibilityGlobals) = postSolution
		SolutionGuid = {DFA6BC16-A820-44F4-B58C-A9F63E7BB4F2}
	EndGlobalSection
EndGlobal
